// !$*UTF8*$!
{
	archiveVersion = 1;
	classes = {
	};
	objectVersion = 50;
	objects = {

/* Begin PBXBuildFile section */
		C40BE43C2326980B006199C9 /* AppDelegate.swift in Sources */ = {isa = PBXBuildFile; fileRef = C40BE43B2326980B006199C9 /* AppDelegate.swift */; };
		C40BE43E2326980B006199C9 /* ViewController.swift in Sources */ = {isa = PBXBuildFile; fileRef = C40BE43D2326980B006199C9 /* ViewController.swift */; };
		C40BE4402326980B006199C9 /* Assets.xcassets in Resources */ = {isa = PBXBuildFile; fileRef = C40BE43F2326980B006199C9 /* Assets.xcassets */; };
		C40BE4432326980B006199C9 /* Main.storyboard in Resources */ = {isa = PBXBuildFile; fileRef = C40BE4412326980B006199C9 /* Main.storyboard */; };
		C40BE44E232698DE006199C9 /* ApplicationState.swift in Sources */ = {isa = PBXBuildFile; fileRef = C40BE44D232698DE006199C9 /* ApplicationState.swift */; };
		C40BE45023269BE0006199C9 /* MovingPath.swift in Sources */ = {isa = PBXBuildFile; fileRef = C40BE44F23269BE0006199C9 /* MovingPath.swift */; };
		C40BE45223269BF0006199C9 /* BasePolygon.swift in Sources */ = {isa = PBXBuildFile; fileRef = C40BE45123269BF0006199C9 /* BasePolygon.swift */; };
		C40BE45423269E7B006199C9 /* Scene.swift in Sources */ = {isa = PBXBuildFile; fileRef = C40BE45323269E7B006199C9 /* Scene.swift */; };
		C491AC4B233011E50052359E /* PolygonPath.swift in Sources */ = {isa = PBXBuildFile; fileRef = C491AC4A233011E50052359E /* PolygonPath.swift */; };
		C4B4ACBA2332702F00F5023D /* Geometry.swift in Sources */ = {isa = PBXBuildFile; fileRef = C4B4ACB92332702F00F5023D /* Geometry.swift */; };
/* End PBXBuildFile section */

/* Begin PBXFileReference section */
		C40BE4382326980B006199C9 /* polygon-path-animation.app */ = {isa = PBXFileReference; explicitFileType = wrapper.application; includeInIndex = 0; path = "polygon-path-animation.app"; sourceTree = BUILT_PRODUCTS_DIR; };
		C40BE43B2326980B006199C9 /* AppDelegate.swift */ = {isa = PBXFileReference; lastKnownFileType = sourcecode.swift; path = AppDelegate.swift; sourceTree = "<group>"; };
		C40BE43D2326980B006199C9 /* ViewController.swift */ = {isa = PBXFileReference; lastKnownFileType = sourcecode.swift; path = ViewController.swift; sourceTree = "<group>"; };
		C40BE43F2326980B006199C9 /* Assets.xcassets */ = {isa = PBXFileReference; lastKnownFileType = folder.assetcatalog; path = Assets.xcassets; sourceTree = "<group>"; };
		C40BE4422326980B006199C9 /* Base */ = {isa = PBXFileReference; lastKnownFileType = file.storyboard; name = Base; path = Base.lproj/Main.storyboard; sourceTree = "<group>"; };
		C40BE4442326980B006199C9 /* Info.plist */ = {isa = PBXFileReference; lastKnownFileType = text.plist.xml; path = Info.plist; sourceTree = "<group>"; };
		C40BE4452326980B006199C9 /* polygon_path_animation.entitlements */ = {isa = PBXFileReference; lastKnownFileType = text.plist.entitlements; path = polygon_path_animation.entitlements; sourceTree = "<group>"; };
		C40BE44D232698DE006199C9 /* ApplicationState.swift */ = {isa = PBXFileReference; lastKnownFileType = sourcecode.swift; path = ApplicationState.swift; sourceTree = "<group>"; };
		C40BE44F23269BE0006199C9 /* MovingPath.swift */ = {isa = PBXFileReference; lastKnownFileType = sourcecode.swift; path = MovingPath.swift; sourceTree = "<group>"; };
		C40BE45123269BF0006199C9 /* BasePolygon.swift */ = {isa = PBXFileReference; lastKnownFileType = sourcecode.swift; path = BasePolygon.swift; sourceTree = "<group>"; };
		C40BE45323269E7B006199C9 /* Scene.swift */ = {isa = PBXFileReference; lastKnownFileType = sourcecode.swift; path = Scene.swift; sourceTree = "<group>"; };
		C491AC4A233011E50052359E /* PolygonPath.swift */ = {isa = PBXFileReference; lastKnownFileType = sourcecode.swift; path = PolygonPath.swift; sourceTree = "<group>"; };
		C4B4ACB92332702F00F5023D /* Geometry.swift */ = {isa = PBXFileReference; lastKnownFileType = sourcecode.swift; path = Geometry.swift; sourceTree = "<group>"; };
/* End PBXFileReference section */

/* Begin PBXFrameworksBuildPhase section */
		C40BE4352326980B006199C9 /* Frameworks */ = {
			isa = PBXFrameworksBuildPhase;
			buildActionMask = 2147483647;
			files = (
			);
			runOnlyForDeploymentPostprocessing = 0;
		};
/* End PBXFrameworksBuildPhase section */

/* Begin PBXGroup section */
		C40BE42F2326980B006199C9 = {
			isa = PBXGroup;
			children = (
				C4B4ACB82332701700F5023D /* Helpers */,
				C40BE44C23269875006199C9 /* Classes */,
				C40BE44B23269867006199C9 /* Graphics */,
				C40BE43A2326980B006199C9 /* polygon-path-animation */,
				C40BE4392326980B006199C9 /* Products */,
			);
			sourceTree = "<group>";
		};
		C40BE4392326980B006199C9 /* Products */ = {
			isa = PBXGroup;
			children = (
				C40BE4382326980B006199C9 /* polygon-path-animation.app */,
			);
			name = Products;
			sourceTree = "<group>";
		};
		C40BE43A2326980B006199C9 /* polygon-path-animation */ = {
			isa = PBXGroup;
			children = (
				C40BE43B2326980B006199C9 /* AppDelegate.swift */,
				C40BE43D2326980B006199C9 /* ViewController.swift */,
				C40BE43F2326980B006199C9 /* Assets.xcassets */,
				C40BE4412326980B006199C9 /* Main.storyboard */,
				C40BE4442326980B006199C9 /* Info.plist */,
				C40BE4452326980B006199C9 /* polygon_path_animation.entitlements */,
				C40BE45323269E7B006199C9 /* Scene.swift */,
			);
			path = "polygon-path-animation";
			sourceTree = "<group>";
		};
		C40BE44B23269867006199C9 /* Graphics */ = {
			isa = PBXGroup;
			children = (
				C40BE44F23269BE0006199C9 /* MovingPath.swift */,
				C40BE45123269BF0006199C9 /* BasePolygon.swift */,
				C491AC4A233011E50052359E /* PolygonPath.swift */,
			);
			path = Graphics;
			sourceTree = "<group>";
		};
		C40BE44C23269875006199C9 /* Classes */ = {
			isa = PBXGroup;
			children = (
				C40BE44D232698DE006199C9 /* ApplicationState.swift */,
			);
			path = Classes;
			sourceTree = "<group>";
		};
		C4B4ACB82332701700F5023D /* Helpers */ = {
			isa = PBXGroup;
			children = (
				C4B4ACB92332702F00F5023D /* Geometry.swift */,
			);
			path = Helpers;
			sourceTree = "<group>";
		};
/* End PBXGroup section */

/* Begin PBXNativeTarget section */
		C40BE4372326980B006199C9 /* polygon-path-animation */ = {
			isa = PBXNativeTarget;
			buildConfigurationList = C40BE4482326980B006199C9 /* Build configuration list for PBXNativeTarget "polygon-path-animation" */;
			buildPhases = (
				C40BE4342326980B006199C9 /* Sources */,
				C40BE4352326980B006199C9 /* Frameworks */,
				C40BE4362326980B006199C9 /* Resources */,
			);
			buildRules = (
			);
			dependencies = (
			);
			name = "polygon-path-animation";
			productName = "polygon-path-animation";
			productReference = C40BE4382326980B006199C9 /* polygon-path-animation.app */;
			productType = "com.apple.product-type.application";
		};
/* End PBXNativeTarget section */

/* Begin PBXProject section */
		C40BE4302326980B006199C9 /* Project object */ = {
			isa = PBXProject;
			attributes = {
				LastSwiftUpdateCheck = 1030;
				LastUpgradeCheck = 1030;
				ORGANIZATIONNAME = Yaroslav;
				TargetAttributes = {
					C40BE4372326980B006199C9 = {
						CreatedOnToolsVersion = 10.3;
					};
				};
			};
			buildConfigurationList = C40BE4332326980B006199C9 /* Build configuration list for PBXProject "polygon-path-animation" */;
			compatibilityVersion = "Xcode 9.3";
			developmentRegion = en;
			hasScannedForEncodings = 0;
			knownRegions = (
				en,
				Base,
			);
			mainGroup = C40BE42F2326980B006199C9;
			productRefGroup = C40BE4392326980B006199C9 /* Products */;
			projectDirPath = "";
			projectRoot = "";
			targets = (
				C40BE4372326980B006199C9 /* polygon-path-animation */,
			);
		};
/* End PBXProject section */

/* Begin PBXResourcesBuildPhase section */
		C40BE4362326980B006199C9 /* Resources */ = {
			isa = PBXResourcesBuildPhase;
			buildActionMask = 2147483647;
			files = (
				C40BE4402326980B006199C9 /* Assets.xcassets in Resources */,
				C40BE4432326980B006199C9 /* Main.storyboard in Resources */,
			);
			runOnlyForDeploymentPostprocessing = 0;
		};
/* End PBXResourcesBuildPhase section */

/* Begin PBXSourcesBuildPhase section */
		C40BE4342326980B006199C9 /* Sources */ = {
			isa = PBXSourcesBuildPhase;
			buildActionMask = 2147483647;
			files = (
				C40BE44E232698DE006199C9 /* ApplicationState.swift in Sources */,
				C40BE45223269BF0006199C9 /* BasePolygon.swift in Sources */,
				C40BE45423269E7B006199C9 /* Scene.swift in Sources */,
				C40BE43E2326980B006199C9 /* ViewController.swift in Sources */,
				C40BE45023269BE0006199C9 /* MovingPath.swift in Sources */,
				C4B4ACBA2332702F00F5023D /* Geometry.swift in Sources */,
				C40BE43C2326980B006199C9 /* AppDelegate.swift in Sources */,
				C491AC4B233011E50052359E /* PolygonPath.swift in Sources */,
			);
			runOnlyForDeploymentPostprocessing = 0;
		};
/* End PBXSourcesBuildPhase section */

/* Begin PBXVariantGroup section */
		C40BE4412326980B006199C9 /* Main.storyboard */ = {
			isa = PBXVariantGroup;
			children = (
				C40BE4422326980B006199C9 /* Base */,
			);
			name = Main.storyboard;
			sourceTree = "<group>";
		};
/* End PBXVariantGroup section */

/* Begin XCBuildConfiguration section */
		C40BE4462326980B006199C9 /* Debug */ = {
			isa = XCBuildConfiguration;
			buildSettings = {
				ALWAYS_SEARCH_USER_PATHS = NO;
				CLANG_ANALYZER_NONNULL = YES;
				CLANG_ANALYZER_NUMBER_OBJECT_CONVERSION = YES_AGGRESSIVE;
				CLANG_CXX_LANGUAGE_STANDARD = "gnu++14";
				CLANG_CXX_LIBRARY = "libc++";
				CLANG_ENABLE_MODULES = YES;
				CLANG_ENABLE_OBJC_ARC = YES;
				CLANG_ENABLE_OBJC_WEAK = YES;
				CLANG_WARN_BLOCK_CAPTURE_AUTORELEASING = YES;
				CLANG_WARN_BOOL_CONVERSION = YES;
				CLANG_WARN_COMMA = YES;
				CLANG_WARN_CONSTANT_CONVERSION = YES;
				CLANG_WARN_DEPRECATED_OBJC_IMPLEMENTATIONS = YES;
				CLANG_WARN_DIRECT_OBJC_ISA_USAGE = YES_ERROR;
				CLANG_WARN_DOCUMENTATION_COMMENTS = YES;
				CLANG_WARN_EMPTY_BODY = YES;
				CLANG_WARN_ENUM_CONVERSION = YES;
				CLANG_WARN_INFINITE_RECURSION = YES;
				CLANG_WARN_INT_CONVERSION = YES;
				CLANG_WARN_NON_LITERAL_NULL_CONVERSION = YES;
				CLANG_WARN_OBJC_IMPLICIT_RETAIN_SELF = YES;
				CLANG_WARN_OBJC_LITERAL_CONVERSION = YES;
				CLANG_WARN_OBJC_ROOT_CLASS = YES_ERROR;
				CLANG_WARN_RANGE_LOOP_ANALYSIS = YES;
				CLANG_WARN_STRICT_PROTOTYPES = YES;
				CLANG_WARN_SUSPICIOUS_MOVE = YES;
				CLANG_WARN_UNGUARDED_AVAILABILITY = YES_AGGRESSIVE;
				CLANG_WARN_UNREACHABLE_CODE = YES;
				CLANG_WARN__DUPLICATE_METHOD_MATCH = YES;
				CODE_SIGN_IDENTITY = "-";
				COPY_PHASE_STRIP = NO;
				DEBUG_INFORMATION_FORMAT = dwarf;
				ENABLE_STRICT_OBJC_MSGSEND = YES;
				ENABLE_TESTABILITY = YES;
				GCC_C_LANGUAGE_STANDARD = gnu11;
				GCC_DYNAMIC_NO_PIC = NO;
				GCC_NO_COMMON_BLOCKS = YES;
				GCC_OPTIMIZATION_LEVEL = 0;
				GCC_PREPROCESSOR_DEFINITIONS = (
					"DEBUG=1",
					"$(inherited)",
				);
				GCC_WARN_64_TO_32_BIT_CONVERSION = YES;
				GCC_WARN_ABOUT_RETURN_TYPE = YES_ERROR;
				GCC_WARN_UNDECLARED_SELECTOR = YES;
				GCC_WARN_UNINITIALIZED_AUTOS = YES_AGGRESSIVE;
				GCC_WARN_UNUSED_FUNCTION = YES;
				GCC_WARN_UNUSED_VARIABLE = YES;
				MACOSX_DEPLOYMENT_TARGET = 10.14;
				MTL_ENABLE_DEBUG_INFO = INCLUDE_SOURCE;
				MTL_FAST_MATH = YES;
				ONLY_ACTIVE_ARCH = YES;
				SDKROOT = macosx;
				SWIFT_ACTIVE_COMPILATION_CONDITIONS = DEBUG;
				SWIFT_OPTIMIZATION_LEVEL = "-Onone";
			};
			name = Debug;
		};
		C40BE4472326980B006199C9 /* Release */ = {
			isa = XCBuildConfiguration;
			buildSettings = {
				ALWAYS_SEARCH_USER_PATHS = NO;
				CLANG_ANALYZER_NONNULL = YES;
				CLANG_ANALYZER_NUMBER_OBJECT_CONVERSION = YES_AGGRESSIVE;
				CLANG_CXX_LANGUAGE_STANDARD = "gnu++14";
				CLANG_CXX_LIBRARY = "libc++";
				CLANG_ENABLE_MODULES = YES;
				CLANG_ENABLE_OBJC_ARC = YES;
				CLANG_ENABLE_OBJC_WEAK = YES;
				CLANG_WARN_BLOCK_CAPTURE_AUTORELEASING = YES;
				CLANG_WARN_BOOL_CONVERSION = YES;
				CLANG_WARN_COMMA = YES;
				CLANG_WARN_CONSTANT_CONVERSION = YES;
				CLANG_WARN_DEPRECATED_OBJC_IMPLEMENTATIONS = YES;
				CLANG_WARN_DIRECT_OBJC_ISA_USAGE = YES_ERROR;
				CLANG_WARN_DOCUMENTATION_COMMENTS = YES;
				CLANG_WARN_EMPTY_BODY = YES;
				CLANG_WARN_ENUM_CONVERSION = YES;
				CLANG_WARN_INFINITE_RECURSION = YES;
				CLANG_WARN_INT_CONVERSION = YES;
				CLANG_WARN_NON_LITERAL_NULL_CONVERSION = YES;
				CLANG_WARN_OBJC_IMPLICIT_RETAIN_SELF = YES;
				CLANG_WARN_OBJC_LITERAL_CONVERSION = YES;
				CLANG_WARN_OBJC_ROOT_CLASS = YES_ERROR;
				CLANG_WARN_RANGE_LOOP_ANALYSIS = YES;
				CLANG_WARN_STRICT_PROTOTYPES = YES;
				CLANG_WARN_SUSPICIOUS_MOVE = YES;
				CLANG_WARN_UNGUARDED_AVAILABILITY = YES_AGGRESSIVE;
				CLANG_WARN_UNREACHABLE_CODE = YES;
				CLANG_WARN__DUPLICATE_METHOD_MATCH = YES;
				CODE_SIGN_IDENTITY = "-";
				COPY_PHASE_STRIP = NO;
				DEBUG_INFORMATION_FORMAT = "dwarf-with-dsym";
				ENABLE_NS_ASSERTIONS = NO;
				ENABLE_STRICT_OBJC_MSGSEND = YES;
				GCC_C_LANGUAGE_STANDARD = gnu11;
				GCC_NO_COMMON_BLOCKS = YES;
				GCC_WARN_64_TO_32_BIT_CONVERSION = YES;
				GCC_WARN_ABOUT_RETURN_TYPE = YES_ERROR;
				GCC_WARN_UNDECLARED_SELECTOR = YES;
				GCC_WARN_UNINITIALIZED_AUTOS = YES_AGGRESSIVE;
				GCC_WARN_UNUSED_FUNCTION = YES;
				GCC_WARN_UNUSED_VARIABLE = YES;
				MACOSX_DEPLOYMENT_TARGET = 10.14;
				MTL_ENABLE_DEBUG_INFO = NO;
				MTL_FAST_MATH = YES;
				SDKROOT = macosx;
				SWIFT_COMPILATION_MODE = wholemodule;
				SWIFT_OPTIMIZATION_LEVEL = "-O";
			};
			name = Release;
		};
		C40BE4492326980B006199C9 /* Debug */ = {
			isa = XCBuildConfiguration;
			buildSettings = {
				ASSETCATALOG_COMPILER_APPICON_NAME = AppIcon;
				CODE_SIGN_ENTITLEMENTS = "polygon-path-animation/polygon_path_animation.entitlements";
				CODE_SIGN_STYLE = Automatic;
				COMBINE_HIDPI_IMAGES = YES;
				INFOPLIST_FILE = "polygon-path-animation/Info.plist";
				LD_RUNPATH_SEARCH_PATHS = (
					"$(inherited)",
					"@executable_path/../Frameworks",
				);
				PRODUCT_BUNDLE_IDENTIFIER = "com.losyar.polygon-path-animation";
				PRODUCT_NAME = "$(TARGET_NAME)";
				SWIFT_VERSION = 5.0;
			};
			name = Debug;
		};
		C40BE44A2326980B006199C9 /* Release */ = {
			isa = XCBuildConfiguration;
			buildSettings = {
				ASSETCATALOG_COMPILER_APPICON_NAME = AppIcon;
				CODE_SIGN_ENTITLEMENTS = "polygon-path-animation/polygon_path_animation.entitlements";
				CODE_SIGN_STYLE = Automatic;
				COMBINE_HIDPI_IMAGES = YES;
				INFOPLIST_FILE = "polygon-path-animation/Info.plist";
				LD_RUNPATH_SEARCH_PATHS = (
					"$(inherited)",
					"@executable_path/../Frameworks",
				);
				PRODUCT_BUNDLE_IDENTIFIER = "com.losyar.polygon-path-animation";
				PRODUCT_NAME = "$(TARGET_NAME)";
				SWIFT_VERSION = 5.0;
			};
			name = Release;
		};
/* End XCBuildConfiguration section */

/* Begin XCConfigurationList section */
		C40BE4332326980B006199C9 /* Build configuration list for PBXProject "polygon-path-animation" */ = {
			isa = XCConfigurationList;
			buildConfigurations = (
				C40BE4462326980B006199C9 /* Debug */,
				C40BE4472326980B006199C9 /* Release */,
			);
			defaultConfigurationIsVisible = 0;
			defaultConfigurationName = Release;
		};
		C40BE4482326980B006199C9 /* Build configuration list for PBXNativeTarget "polygon-path-animation" */ = {
			isa = XCConfigurationList;
			buildConfigurations = (
				C40BE4492326980B006199C9 /* Debug */,
				C40BE44A2326980B006199C9 /* Release */,
			);
			defaultConfigurationIsVisible = 0;
			defaultConfigurationName = Release;
		};
/* End XCConfigurationList section */
	};
	rootObject = C40BE4302326980B006199C9 /* Project object */;
}
